
Microsoft Visual Studio Solution File, Format Version 12.00
# Visual Studio Version 17
VisualStudioVersion = 17.10.35027.167
MinimumVisualStudioVersion = 10.0.40219.1
Project("{9A19103F-16F7-4668-BE54-9A1E7A4F7556}") = "Iks_Dmitry_CatFramework", "Iks_Dmitry_CatFramework\Iks_Dmitry_CatFramework.csproj", "{C4DFAE2A-4950-43D1-AF6F-97C1CE7B9072}"
EndProject
Project("{FAE04EC0-301F-11D3-BF4B-00C04F79EFBC}") = "Iks_Dmitry_CatApplication", "Iks_Dmitry_CatApplication\Iks_Dmitry_CatApplication.csproj", "{73C21C25-EC00-4BD1-8BFB-A94E02737ED0}"
EndProject
Global
	GlobalSection(SolutionConfigurationPlatforms) = preSolution
		Debug|Any CPU = Debug|Any CPU
		Release|Any CPU = Release|Any CPU
	EndGlobalSection
	GlobalSection(ProjectConfigurationPlatforms) = postSolution
		{C4DFAE2A-4950-43D1-AF6F-97C1CE7B9072}.Debug|Any CPU.ActiveCfg = Debug|Any CPU
		{C4DFAE2A-4950-43D1-AF6F-97C1CE7B9072}.Debug|Any CPU.Build.0 = Debug|Any CPU
		{C4DFAE2A-4950-43D1-AF6F-97C1CE7B9072}.Release|Any CPU.ActiveCfg = Release|Any CPU
		{C4DFAE2A-4950-43D1-AF6F-97C1CE7B9072}.Release|Any CPU.Build.0 = Release|Any CPU
		{73C21C25-EC00-4BD1-8BFB-A94E02737ED0}.Debug|Any CPU.ActiveCfg = Debug|Any CPU
		{73C21C25-EC00-4BD1-8BFB-A94E02737ED0}.Debug|Any CPU.Build.0 = Debug|Any CPU
		{73C21C25-EC00-4BD1-8BFB-A94E02737ED0}.Release|Any CPU.ActiveCfg = Release|Any CPU
		{73C21C25-EC00-4BD1-8BFB-A94E02737ED0}.Release|Any CPU.Build.0 = Release|Any CPU
	EndGlobalSection
	GlobalSection(SolutionProperties) = preSolution
		HideSolutionNode = FALSE
	EndGlobalSection
	GlobalSection(ExtensibilityGlobals) = postSolution
		SolutionGuid = {9E817E6B-6E76-435A-A2DF-265EEE15B9FE}
	EndGlobalSection
EndGlobal
